// !$*UTF8*$!
{
	archiveVersion = 1;
	classes = {
	};
	objectVersion = 56;
	objects = {

/* Begin PBXBuildFile section */
		D8D104A729B955EA00599EEE /* SweetToothRecipeApp.swift in Sources */ = {isa = PBXBuildFile; fileRef = D8D104A629B955EA00599EEE /* SweetToothRecipeApp.swift */; };
		D8D104A929B955EA00599EEE /* MealListView.swift in Sources */ = {isa = PBXBuildFile; fileRef = D8D104A829B955EA00599EEE /* MealListView.swift */; };
		D8D104AB29B955EB00599EEE /* Assets.xcassets in Resources */ = {isa = PBXBuildFile; fileRef = D8D104AA29B955EB00599EEE /* Assets.xcassets */; };
		D8D104AF29B955EB00599EEE /* Preview Assets.xcassets in Resources */ = {isa = PBXBuildFile; fileRef = D8D104AE29B955EB00599EEE /* Preview Assets.xcassets */; };
		D8D104C329B955EB00599EEE /* SweetToothRecipeUITests.swift in Sources */ = {isa = PBXBuildFile; fileRef = D8D104C229B955EB00599EEE /* SweetToothRecipeUITests.swift */; };
		D8D104C529B955EB00599EEE /* SweetToothRecipeUITestsLaunchTests.swift in Sources */ = {isa = PBXBuildFile; fileRef = D8D104C429B955EB00599EEE /* SweetToothRecipeUITestsLaunchTests.swift */; };
		D8D104D529B958C100599EEE /* MealInfo.swift in Sources */ = {isa = PBXBuildFile; fileRef = D8D104D429B958C100599EEE /* MealInfo.swift */; };
		D8D104D829B95CC800599EEE /* APIService.swift in Sources */ = {isa = PBXBuildFile; fileRef = D8D104D729B95CC800599EEE /* APIService.swift */; };
		D8D104DB29B996DB00599EEE /* APITest.swift in Sources */ = {isa = PBXBuildFile; fileRef = D8D104DA29B996DB00599EEE /* APITest.swift */; };
		D8D104DE29BA420E00599EEE /* URLProtocolMock.swift in Sources */ = {isa = PBXBuildFile; fileRef = D8D104DD29BA420E00599EEE /* URLProtocolMock.swift */; };
/* End PBXBuildFile section */

/* Begin PBXContainerItemProxy section */
		D8D104B529B955EB00599EEE /* PBXContainerItemProxy */ = {
			isa = PBXContainerItemProxy;
			containerPortal = D8D1049B29B955EA00599EEE /* Project object */;
			proxyType = 1;
			remoteGlobalIDString = D8D104A229B955EA00599EEE;
			remoteInfo = SweetToothRecipe;
		};
		D8D104BF29B955EB00599EEE /* PBXContainerItemProxy */ = {
			isa = PBXContainerItemProxy;
			containerPortal = D8D1049B29B955EA00599EEE /* Project object */;
			proxyType = 1;
			remoteGlobalIDString = D8D104A229B955EA00599EEE;
			remoteInfo = SweetToothRecipe;
		};
/* End PBXContainerItemProxy section */

/* Begin PBXFileReference section */
		D8D104A329B955EA00599EEE /* SweetToothRecipe.app */ = {isa = PBXFileReference; explicitFileType = wrapper.application; includeInIndex = 0; path = SweetToothRecipe.app; sourceTree = BUILT_PRODUCTS_DIR; };
		D8D104A629B955EA00599EEE /* SweetToothRecipeApp.swift */ = {isa = PBXFileReference; lastKnownFileType = sourcecode.swift; path = SweetToothRecipeApp.swift; sourceTree = "<group>"; };
		D8D104A829B955EA00599EEE /* MealListView.swift */ = {isa = PBXFileReference; lastKnownFileType = sourcecode.swift; path = MealListView.swift; sourceTree = "<group>"; };
		D8D104AA29B955EB00599EEE /* Assets.xcassets */ = {isa = PBXFileReference; lastKnownFileType = folder.assetcatalog; path = Assets.xcassets; sourceTree = "<group>"; };
		D8D104AC29B955EB00599EEE /* SweetToothRecipe.entitlements */ = {isa = PBXFileReference; lastKnownFileType = text.plist.entitlements; path = SweetToothRecipe.entitlements; sourceTree = "<group>"; };
		D8D104AE29B955EB00599EEE /* Preview Assets.xcassets */ = {isa = PBXFileReference; lastKnownFileType = folder.assetcatalog; path = "Preview Assets.xcassets"; sourceTree = "<group>"; };
		D8D104B429B955EB00599EEE /* SweetToothRecipeTests.xctest */ = {isa = PBXFileReference; explicitFileType = wrapper.cfbundle; includeInIndex = 0; path = SweetToothRecipeTests.xctest; sourceTree = BUILT_PRODUCTS_DIR; };
		D8D104BE29B955EB00599EEE /* SweetToothRecipeUITests.xctest */ = {isa = PBXFileReference; explicitFileType = wrapper.cfbundle; includeInIndex = 0; path = SweetToothRecipeUITests.xctest; sourceTree = BUILT_PRODUCTS_DIR; };
		D8D104C229B955EB00599EEE /* SweetToothRecipeUITests.swift */ = {isa = PBXFileReference; lastKnownFileType = sourcecode.swift; path = SweetToothRecipeUITests.swift; sourceTree = "<group>"; };
		D8D104C429B955EB00599EEE /* SweetToothRecipeUITestsLaunchTests.swift */ = {isa = PBXFileReference; lastKnownFileType = sourcecode.swift; path = SweetToothRecipeUITestsLaunchTests.swift; sourceTree = "<group>"; };
		D8D104D429B958C100599EEE /* MealInfo.swift */ = {isa = PBXFileReference; lastKnownFileType = sourcecode.swift; path = MealInfo.swift; sourceTree = "<group>"; };
		D8D104D729B95CC800599EEE /* APIService.swift */ = {isa = PBXFileReference; lastKnownFileType = sourcecode.swift; path = APIService.swift; sourceTree = "<group>"; };
		D8D104DA29B996DB00599EEE /* APITest.swift */ = {isa = PBXFileReference; lastKnownFileType = sourcecode.swift; path = APITest.swift; sourceTree = "<group>"; };
		D8D104DD29BA420E00599EEE /* URLProtocolMock.swift */ = {isa = PBXFileReference; lastKnownFileType = sourcecode.swift; path = URLProtocolMock.swift; sourceTree = "<group>"; };
/* End PBXFileReference section */

/* Begin PBXFrameworksBuildPhase section */
		D8D104A029B955EA00599EEE /* Frameworks */ = {
			isa = PBXFrameworksBuildPhase;
			buildActionMask = 2147483647;
			files = (
			);
			runOnlyForDeploymentPostprocessing = 0;
		};
		D8D104B129B955EB00599EEE /* Frameworks */ = {
			isa = PBXFrameworksBuildPhase;
			buildActionMask = 2147483647;
			files = (
			);
			runOnlyForDeploymentPostprocessing = 0;
		};
		D8D104BB29B955EB00599EEE /* Frameworks */ = {
			isa = PBXFrameworksBuildPhase;
			buildActionMask = 2147483647;
			files = (
			);
			runOnlyForDeploymentPostprocessing = 0;
		};
/* End PBXFrameworksBuildPhase section */

/* Begin PBXGroup section */
		D8D1049A29B955EA00599EEE = {
			isa = PBXGroup;
			children = (
				D8D104A529B955EA00599EEE /* SweetToothRecipe */,
				D8D104B729B955EB00599EEE /* SweetToothRecipeTests */,
				D8D104C129B955EB00599EEE /* SweetToothRecipeUITests */,
				D8D104A429B955EA00599EEE /* Products */,
			);
			sourceTree = "<group>";
		};
		D8D104A429B955EA00599EEE /* Products */ = {
			isa = PBXGroup;
			children = (
				D8D104A329B955EA00599EEE /* SweetToothRecipe.app */,
				D8D104B429B955EB00599EEE /* SweetToothRecipeTests.xctest */,
				D8D104BE29B955EB00599EEE /* SweetToothRecipeUITests.xctest */,
			);
			name = Products;
			sourceTree = "<group>";
		};
		D8D104A529B955EA00599EEE /* SweetToothRecipe */ = {
			isa = PBXGroup;
			children = (
				D8D104D629B95CBD00599EEE /* Service */,
				D8D104D229B9571600599EEE /* Model */,
				D8D104A629B955EA00599EEE /* SweetToothRecipeApp.swift */,
				D8D104A829B955EA00599EEE /* MealListView.swift */,
				D8D104AA29B955EB00599EEE /* Assets.xcassets */,
				D8D104AC29B955EB00599EEE /* SweetToothRecipe.entitlements */,
				D8D104AD29B955EB00599EEE /* Preview Content */,
			);
			path = SweetToothRecipe;
			sourceTree = "<group>";
		};
		D8D104AD29B955EB00599EEE /* Preview Content */ = {
			isa = PBXGroup;
			children = (
				D8D104AE29B955EB00599EEE /* Preview Assets.xcassets */,
			);
			path = "Preview Content";
			sourceTree = "<group>";
		};
		D8D104B729B955EB00599EEE /* SweetToothRecipeTests */ = {
			isa = PBXGroup;
			children = (
				D8D104DC29BA41EE00599EEE /* Service */,
				D8D104D929B996BD00599EEE /* ServiceTest */,
			);
			path = SweetToothRecipeTests;
			sourceTree = "<group>";
		};
		D8D104C129B955EB00599EEE /* SweetToothRecipeUITests */ = {
			isa = PBXGroup;
			children = (
				D8D104C229B955EB00599EEE /* SweetToothRecipeUITests.swift */,
				D8D104C429B955EB00599EEE /* SweetToothRecipeUITestsLaunchTests.swift */,
			);
			path = SweetToothRecipeUITests;
			sourceTree = "<group>";
		};
		D8D104D229B9571600599EEE /* Model */ = {
			isa = PBXGroup;
			children = (
				D8D104D429B958C100599EEE /* MealInfo.swift */,
			);
			path = Model;
			sourceTree = "<group>";
		};
		D8D104D629B95CBD00599EEE /* Service */ = {
			isa = PBXGroup;
			children = (
				D8D104D729B95CC800599EEE /* APIService.swift */,
			);
			path = Service;
			sourceTree = "<group>";
		};
		D8D104D929B996BD00599EEE /* ServiceTest */ = {
			isa = PBXGroup;
			children = (
				D8D104DA29B996DB00599EEE /* APITest.swift */,
			);
			path = ServiceTest;
			sourceTree = "<group>";
		};
		D8D104DC29BA41EE00599EEE /* Service */ = {
			isa = PBXGroup;
			children = (
				D8D104DD29BA420E00599EEE /* URLProtocolMock.swift */,
			);
			path = Service;
			sourceTree = "<group>";
		};
/* End PBXGroup section */

/* Begin PBXNativeTarget section */
		D8D104A229B955EA00599EEE /* SweetToothRecipe */ = {
			isa = PBXNativeTarget;
			buildConfigurationList = D8D104C829B955EB00599EEE /* Build configuration list for PBXNativeTarget "SweetToothRecipe" */;
			buildPhases = (
				D8D1049F29B955EA00599EEE /* Sources */,
				D8D104A029B955EA00599EEE /* Frameworks */,
				D8D104A129B955EA00599EEE /* Resources */,
			);
			buildRules = (
			);
			dependencies = (
			);
			name = SweetToothRecipe;
			productName = SweetToothRecipe;
			productReference = D8D104A329B955EA00599EEE /* SweetToothRecipe.app */;
			productType = "com.apple.product-type.application";
		};
		D8D104B329B955EB00599EEE /* SweetToothRecipeTests */ = {
			isa = PBXNativeTarget;
			buildConfigurationList = D8D104CB29B955EB00599EEE /* Build configuration list for PBXNativeTarget "SweetToothRecipeTests" */;
			buildPhases = (
				D8D104B029B955EB00599EEE /* Sources */,
				D8D104B129B955EB00599EEE /* Frameworks */,
				D8D104B229B955EB00599EEE /* Resources */,
			);
			buildRules = (
			);
			dependencies = (
				D8D104B629B955EB00599EEE /* PBXTargetDependency */,
			);
			name = SweetToothRecipeTests;
			productName = SweetToothRecipeTests;
			productReference = D8D104B429B955EB00599EEE /* SweetToothRecipeTests.xctest */;
			productType = "com.apple.product-type.bundle.unit-test";
		};
		D8D104BD29B955EB00599EEE /* SweetToothRecipeUITests */ = {
			isa = PBXNativeTarget;
			buildConfigurationList = D8D104CE29B955EB00599EEE /* Build configuration list for PBXNativeTarget "SweetToothRecipeUITests" */;
			buildPhases = (
				D8D104BA29B955EB00599EEE /* Sources */,
				D8D104BB29B955EB00599EEE /* Frameworks */,
				D8D104BC29B955EB00599EEE /* Resources */,
			);
			buildRules = (
			);
			dependencies = (
				D8D104C029B955EB00599EEE /* PBXTargetDependency */,
			);
			name = SweetToothRecipeUITests;
			productName = SweetToothRecipeUITests;
			productReference = D8D104BE29B955EB00599EEE /* SweetToothRecipeUITests.xctest */;
			productType = "com.apple.product-type.bundle.ui-testing";
		};
/* End PBXNativeTarget section */

/* Begin PBXProject section */
		D8D1049B29B955EA00599EEE /* Project object */ = {
			isa = PBXProject;
			attributes = {
				BuildIndependentTargetsInParallel = 1;
				LastSwiftUpdateCheck = 1420;
				LastUpgradeCheck = 1420;
				TargetAttributes = {
					D8D104A229B955EA00599EEE = {
						CreatedOnToolsVersion = 14.2;
					};
					D8D104B329B955EB00599EEE = {
						CreatedOnToolsVersion = 14.2;
						TestTargetID = D8D104A229B955EA00599EEE;
					};
					D8D104BD29B955EB00599EEE = {
						CreatedOnToolsVersion = 14.2;
						TestTargetID = D8D104A229B955EA00599EEE;
					};
				};
			};
			buildConfigurationList = D8D1049E29B955EA00599EEE /* Build configuration list for PBXProject "SweetToothRecipe" */;
			compatibilityVersion = "Xcode 14.0";
			developmentRegion = en;
			hasScannedForEncodings = 0;
			knownRegions = (
				en,
				Base,
			);
			mainGroup = D8D1049A29B955EA00599EEE;
			productRefGroup = D8D104A429B955EA00599EEE /* Products */;
			projectDirPath = "";
			projectRoot = "";
			targets = (
				D8D104A229B955EA00599EEE /* SweetToothRecipe */,
				D8D104B329B955EB00599EEE /* SweetToothRecipeTests */,
				D8D104BD29B955EB00599EEE /* SweetToothRecipeUITests */,
			);
		};
/* End PBXProject section */

/* Begin PBXResourcesBuildPhase section */
		D8D104A129B955EA00599EEE /* Resources */ = {
			isa = PBXResourcesBuildPhase;
			buildActionMask = 2147483647;
			files = (
				D8D104AF29B955EB00599EEE /* Preview Assets.xcassets in Resources */,
				D8D104AB29B955EB00599EEE /* Assets.xcassets in Resources */,
			);
			runOnlyForDeploymentPostprocessing = 0;
		};
		D8D104B229B955EB00599EEE /* Resources */ = {
			isa = PBXResourcesBuildPhase;
			buildActionMask = 2147483647;
			files = (
			);
			runOnlyForDeploymentPostprocessing = 0;
		};
		D8D104BC29B955EB00599EEE /* Resources */ = {
			isa = PBXResourcesBuildPhase;
			buildActionMask = 2147483647;
			files = (
			);
			runOnlyForDeploymentPostprocessing = 0;
		};
/* End PBXResourcesBuildPhase section */

/* Begin PBXSourcesBuildPhase section */
		D8D1049F29B955EA00599EEE /* Sources */ = {
			isa = PBXSourcesBuildPhase;
			buildActionMask = 2147483647;
			files = (
				D8D104D529B958C100599EEE /* MealInfo.swift in Sources */,
				D8D104A929B955EA00599EEE /* MealListView.swift in Sources */,
				D8D104D829B95CC800599EEE /* APIService.swift in Sources */,
				D8D104A729B955EA00599EEE /* SweetToothRecipeApp.swift in Sources */,
			);
			runOnlyForDeploymentPostprocessing = 0;
		};
		D8D104B029B955EB00599EEE /* Sources */ = {
			isa = PBXSourcesBuildPhase;
			buildActionMask = 2147483647;
			files = (
				D8D104DB29B996DB00599EEE /* APITest.swift in Sources */,
				D8D104DE29BA420E00599EEE /* URLProtocolMock.swift in Sources */,
			);
			runOnlyForDeploymentPostprocessing = 0;
		};
		D8D104BA29B955EB00599EEE /* Sources */ = {
			isa = PBXSourcesBuildPhase;
			buildActionMask = 2147483647;
			files = (
				D8D104C529B955EB00599EEE /* SweetToothRecipeUITestsLaunchTests.swift in Sources */,
				D8D104C329B955EB00599EEE /* SweetToothRecipeUITests.swift in Sources */,
			);
			runOnlyForDeploymentPostprocessing = 0;
		};
/* End PBXSourcesBuildPhase section */

/* Begin PBXTargetDependency section */
		D8D104B629B955EB00599EEE /* PBXTargetDependency */ = {
			isa = PBXTargetDependency;
			target = D8D104A229B955EA00599EEE /* SweetToothRecipe */;
			targetProxy = D8D104B529B955EB00599EEE /* PBXContainerItemProxy */;
		};
		D8D104C029B955EB00599EEE /* PBXTargetDependency */ = {
			isa = PBXTargetDependency;
			target = D8D104A229B955EA00599EEE /* SweetToothRecipe */;
			targetProxy = D8D104BF29B955EB00599EEE /* PBXContainerItemProxy */;
		};
/* End PBXTargetDependency section */

/* Begin XCBuildConfiguration section */
		D8D104C629B955EB00599EEE /* Debug */ = {
			isa = XCBuildConfiguration;
			buildSettings = {
				ALWAYS_SEARCH_USER_PATHS = NO;
				CLANG_ANALYZER_NONNULL = YES;
				CLANG_ANALYZER_NUMBER_OBJECT_CONVERSION = YES_AGGRESSIVE;
				CLANG_CXX_LANGUAGE_STANDARD = "gnu++20";
				CLANG_ENABLE_MODULES = YES;
				CLANG_ENABLE_OBJC_ARC = YES;
				CLANG_ENABLE_OBJC_WEAK = YES;
				CLANG_WARN_BLOCK_CAPTURE_AUTORELEASING = YES;
				CLANG_WARN_BOOL_CONVERSION = YES;
				CLANG_WARN_COMMA = YES;
				CLANG_WARN_CONSTANT_CONVERSION = YES;
				CLANG_WARN_DEPRECATED_OBJC_IMPLEMENTATIONS = YES;
				CLANG_WARN_DIRECT_OBJC_ISA_USAGE = YES_ERROR;
				CLANG_WARN_DOCUMENTATION_COMMENTS = YES;
				CLANG_WARN_EMPTY_BODY = YES;
				CLANG_WARN_ENUM_CONVERSION = YES;
				CLANG_WARN_INFINITE_RECURSION = YES;
				CLANG_WARN_INT_CONVERSION = YES;
				CLANG_WARN_NON_LITERAL_NULL_CONVERSION = YES;
				CLANG_WARN_OBJC_IMPLICIT_RETAIN_SELF = YES;
				CLANG_WARN_OBJC_LITERAL_CONVERSION = YES;
				CLANG_WARN_OBJC_ROOT_CLASS = YES_ERROR;
				CLANG_WARN_QUOTED_INCLUDE_IN_FRAMEWORK_HEADER = YES;
				CLANG_WARN_RANGE_LOOP_ANALYSIS = YES;
				CLANG_WARN_STRICT_PROTOTYPES = YES;
				CLANG_WARN_SUSPICIOUS_MOVE = YES;
				CLANG_WARN_UNGUARDED_AVAILABILITY = YES_AGGRESSIVE;
				CLANG_WARN_UNREACHABLE_CODE = YES;
				CLANG_WARN__DUPLICATE_METHOD_MATCH = YES;
				COPY_PHASE_STRIP = NO;
				DEBUG_INFORMATION_FORMAT = dwarf;
				ENABLE_STRICT_OBJC_MSGSEND = YES;
				ENABLE_TESTABILITY = YES;
				GCC_C_LANGUAGE_STANDARD = gnu11;
				GCC_DYNAMIC_NO_PIC = NO;
				GCC_NO_COMMON_BLOCKS = YES;
				GCC_OPTIMIZATION_LEVEL = 0;
				GCC_PREPROCESSOR_DEFINITIONS = (
					"DEBUG=1",
					"$(inherited)",
				);
				GCC_WARN_64_TO_32_BIT_CONVERSION = YES;
				GCC_WARN_ABOUT_RETURN_TYPE = YES_ERROR;
				GCC_WARN_UNDECLARED_SELECTOR = YES;
				GCC_WARN_UNINITIALIZED_AUTOS = YES_AGGRESSIVE;
				GCC_WARN_UNUSED_FUNCTION = YES;
				GCC_WARN_UNUSED_VARIABLE = YES;
				MTL_ENABLE_DEBUG_INFO = INCLUDE_SOURCE;
				MTL_FAST_MATH = YES;
				ONLY_ACTIVE_ARCH = YES;
				SWIFT_ACTIVE_COMPILATION_CONDITIONS = DEBUG;
				SWIFT_OPTIMIZATION_LEVEL = "-Onone";
			};
			name = Debug;
		};
		D8D104C729B955EB00599EEE /* Release */ = {
			isa = XCBuildConfiguration;
			buildSettings = {
				ALWAYS_SEARCH_USER_PATHS = NO;
				CLANG_ANALYZER_NONNULL = YES;
				CLANG_ANALYZER_NUMBER_OBJECT_CONVERSION = YES_AGGRESSIVE;
				CLANG_CXX_LANGUAGE_STANDARD = "gnu++20";
				CLANG_ENABLE_MODULES = YES;
				CLANG_ENABLE_OBJC_ARC = YES;
				CLANG_ENABLE_OBJC_WEAK = YES;
				CLANG_WARN_BLOCK_CAPTURE_AUTORELEASING = YES;
				CLANG_WARN_BOOL_CONVERSION = YES;
				CLANG_WARN_COMMA = YES;
				CLANG_WARN_CONSTANT_CONVERSION = YES;
				CLANG_WARN_DEPRECATED_OBJC_IMPLEMENTATIONS = YES;
				CLANG_WARN_DIRECT_OBJC_ISA_USAGE = YES_ERROR;
				CLANG_WARN_DOCUMENTATION_COMMENTS = YES;
				CLANG_WARN_EMPTY_BODY = YES;
				CLANG_WARN_ENUM_CONVERSION = YES;
				CLANG_WARN_INFINITE_RECURSION = YES;
				CLANG_WARN_INT_CONVERSION = YES;
				CLANG_WARN_NON_LITERAL_NULL_CONVERSION = YES;
				CLANG_WARN_OBJC_IMPLICIT_RETAIN_SELF = YES;
				CLANG_WARN_OBJC_LITERAL_CONVERSION = YES;
				CLANG_WARN_OBJC_ROOT_CLASS = YES_ERROR;
				CLANG_WARN_QUOTED_INCLUDE_IN_FRAMEWORK_HEADER = YES;
				CLANG_WARN_RANGE_LOOP_ANALYSIS = YES;
				CLANG_WARN_STRICT_PROTOTYPES = YES;
				CLANG_WARN_SUSPICIOUS_MOVE = YES;
				CLANG_WARN_UNGUARDED_AVAILABILITY = YES_AGGRESSIVE;
				CLANG_WARN_UNREACHABLE_CODE = YES;
				CLANG_WARN__DUPLICATE_METHOD_MATCH = YES;
				COPY_PHASE_STRIP = NO;
				DEBUG_INFORMATION_FORMAT = "dwarf-with-dsym";
				ENABLE_NS_ASSERTIONS = NO;
				ENABLE_STRICT_OBJC_MSGSEND = YES;
				GCC_C_LANGUAGE_STANDARD = gnu11;
				GCC_NO_COMMON_BLOCKS = YES;
				GCC_WARN_64_TO_32_BIT_CONVERSION = YES;
				GCC_WARN_ABOUT_RETURN_TYPE = YES_ERROR;
				GCC_WARN_UNDECLARED_SELECTOR = YES;
				GCC_WARN_UNINITIALIZED_AUTOS = YES_AGGRESSIVE;
				GCC_WARN_UNUSED_FUNCTION = YES;
				GCC_WARN_UNUSED_VARIABLE = YES;
				MTL_ENABLE_DEBUG_INFO = NO;
				MTL_FAST_MATH = YES;
				SWIFT_COMPILATION_MODE = wholemodule;
				SWIFT_OPTIMIZATION_LEVEL = "-O";
			};
			name = Release;
		};
		D8D104C929B955EB00599EEE /* Debug */ = {
			isa = XCBuildConfiguration;
			buildSettings = {
				ASSETCATALOG_COMPILER_APPICON_NAME = AppIcon;
				ASSETCATALOG_COMPILER_GLOBAL_ACCENT_COLOR_NAME = AccentColor;
				CODE_SIGN_ENTITLEMENTS = SweetToothRecipe/SweetToothRecipe.entitlements;
				CODE_SIGN_STYLE = Automatic;
				CURRENT_PROJECT_VERSION = 1;
				DEVELOPMENT_ASSET_PATHS = "\"SweetToothRecipe/Preview Content\"";
				DEVELOPMENT_TEAM = 7U9WMKVM6V;
				ENABLE_HARDENED_RUNTIME = YES;
				ENABLE_PREVIEWS = YES;
				GENERATE_INFOPLIST_FILE = YES;
				"INFOPLIST_KEY_UIApplicationSceneManifest_Generation[sdk=iphoneos*]" = YES;
				"INFOPLIST_KEY_UIApplicationSceneManifest_Generation[sdk=iphonesimulator*]" = YES;
				"INFOPLIST_KEY_UIApplicationSupportsIndirectInputEvents[sdk=iphoneos*]" = YES;
				"INFOPLIST_KEY_UIApplicationSupportsIndirectInputEvents[sdk=iphonesimulator*]" = YES;
				"INFOPLIST_KEY_UILaunchScreen_Generation[sdk=iphoneos*]" = YES;
				"INFOPLIST_KEY_UILaunchScreen_Generation[sdk=iphonesimulator*]" = YES;
				"INFOPLIST_KEY_UIStatusBarStyle[sdk=iphoneos*]" = UIStatusBarStyleDefault;
				"INFOPLIST_KEY_UIStatusBarStyle[sdk=iphonesimulator*]" = UIStatusBarStyleDefault;
				INFOPLIST_KEY_UISupportedInterfaceOrientations_iPad = "UIInterfaceOrientationPortrait UIInterfaceOrientationPortraitUpsideDown UIInterfaceOrientationLandscapeLeft UIInterfaceOrientationLandscapeRight";
				INFOPLIST_KEY_UISupportedInterfaceOrientations_iPhone = "UIInterfaceOrientationPortrait UIInterfaceOrientationLandscapeLeft UIInterfaceOrientationLandscapeRight";
				IPHONEOS_DEPLOYMENT_TARGET = 16.2;
				LD_RUNPATH_SEARCH_PATHS = "@executable_path/Frameworks";
				"LD_RUNPATH_SEARCH_PATHS[sdk=macosx*]" = "@executable_path/../Frameworks";
				MACOSX_DEPLOYMENT_TARGET = 13.1;
				MARKETING_VERSION = 1.0;
				PRODUCT_BUNDLE_IDENTIFIER = com.gefeishen.SweetToothRecipe;
				PRODUCT_NAME = "$(TARGET_NAME)";
				SDKROOT = auto;
				SUPPORTED_PLATFORMS = "iphoneos iphonesimulator macosx";
				SWIFT_EMIT_LOC_STRINGS = YES;
				SWIFT_VERSION = 5.0;
				TARGETED_DEVICE_FAMILY = "1,2";
			};
			name = Debug;
		};
		D8D104CA29B955EB00599EEE /* Release */ = {
			isa = XCBuildConfiguration;
			buildSettings = {
				ASSETCATALOG_COMPILER_APPICON_NAME = AppIcon;
				ASSETCATALOG_COMPILER_GLOBAL_ACCENT_COLOR_NAME = AccentColor;
				CODE_SIGN_ENTITLEMENTS = SweetToothRecipe/SweetToothRecipe.entitlements;
				CODE_SIGN_STYLE = Automatic;
				CURRENT_PROJECT_VERSION = 1;
				DEVELOPMENT_ASSET_PATHS = "\"SweetToothRecipe/Preview Content\"";
				DEVELOPMENT_TEAM = 7U9WMKVM6V;
				ENABLE_HARDENED_RUNTIME = YES;
				ENABLE_PREVIEWS = YES;
				GENERATE_INFOPLIST_FILE = YES;
				"INFOPLIST_KEY_UIApplicationSceneManifest_Generation[sdk=iphoneos*]" = YES;
				"INFOPLIST_KEY_UIApplicationSceneManifest_Generation[sdk=iphonesimulator*]" = YES;
				"INFOPLIST_KEY_UIApplicationSupportsIndirectInputEvents[sdk=iphoneos*]" = YES;
				"INFOPLIST_KEY_UIApplicationSupportsIndirectInputEvents[sdk=iphonesimulator*]" = YES;
				"INFOPLIST_KEY_UILaunchScreen_Generation[sdk=iphoneos*]" = YES;
				"INFOPLIST_KEY_UILaunchScreen_Generation[sdk=iphonesimulator*]" = YES;
				"INFOPLIST_KEY_UIStatusBarStyle[sdk=iphoneos*]" = UIStatusBarStyleDefault;
				"INFOPLIST_KEY_UIStatusBarStyle[sdk=iphonesimulator*]" = UIStatusBarStyleDefault;
				INFOPLIST_KEY_UISupportedInterfaceOrientations_iPad = "UIInterfaceOrientationPortrait UIInterfaceOrientationPortraitUpsideDown UIInterfaceOrientationLandscapeLeft UIInterfaceOrientationLandscapeRight";
				INFOPLIST_KEY_UISupportedInterfaceOrientations_iPhone = "UIInterfaceOrientationPortrait UIInterfaceOrientationLandscapeLeft UIInterfaceOrientationLandscapeRight";
				IPHONEOS_DEPLOYMENT_TARGET = 16.2;
				LD_RUNPATH_SEARCH_PATHS = "@executable_path/Frameworks";
				"LD_RUNPATH_SEARCH_PATHS[sdk=macosx*]" = "@executable_path/../Frameworks";
				MACOSX_DEPLOYMENT_TARGET = 13.1;
				MARKETING_VERSION = 1.0;
				PRODUCT_BUNDLE_IDENTIFIER = com.gefeishen.SweetToothRecipe;
				PRODUCT_NAME = "$(TARGET_NAME)";
				SDKROOT = auto;
				SUPPORTED_PLATFORMS = "iphoneos iphonesimulator macosx";
				SWIFT_EMIT_LOC_STRINGS = YES;
				SWIFT_VERSION = 5.0;
				TARGETED_DEVICE_FAMILY = "1,2";
			};
			name = Release;
		};
		D8D104CC29B955EB00599EEE /* Debug */ = {
			isa = XCBuildConfiguration;
			buildSettings = {
				ALWAYS_EMBED_SWIFT_STANDARD_LIBRARIES = YES;
				BUNDLE_LOADER = "$(TEST_HOST)";
				CODE_SIGN_STYLE = Automatic;
				CURRENT_PROJECT_VERSION = 1;
				DEVELOPMENT_TEAM = 7U9WMKVM6V;
				GENERATE_INFOPLIST_FILE = YES;
				IPHONEOS_DEPLOYMENT_TARGET = 16.2;
				MACOSX_DEPLOYMENT_TARGET = 13.1;
				MARKETING_VERSION = 1.0;
				PRODUCT_BUNDLE_IDENTIFIER = com.gefeishen.SweetToothRecipeTests;
				PRODUCT_NAME = "$(TARGET_NAME)";
				SDKROOT = auto;
				SUPPORTED_PLATFORMS = "iphoneos iphonesimulator macosx";
				SWIFT_EMIT_LOC_STRINGS = NO;
				SWIFT_VERSION = 5.0;
				TARGETED_DEVICE_FAMILY = "1,2";
				TEST_HOST = "$(BUILT_PRODUCTS_DIR)/SweetToothRecipe.app/$(BUNDLE_EXECUTABLE_FOLDER_PATH)/SweetToothRecipe";
			};
			name = Debug;
		};
		D8D104CD29B955EB00599EEE /* Release */ = {
			isa = XCBuildConfiguration;
			buildSettings = {
				ALWAYS_EMBED_SWIFT_STANDARD_LIBRARIES = YES;
				BUNDLE_LOADER = "$(TEST_HOST)";
				CODE_SIGN_STYLE = Automatic;
				CURRENT_PROJECT_VERSION = 1;
				DEVELOPMENT_TEAM = 7U9WMKVM6V;
				GENERATE_INFOPLIST_FILE = YES;
				IPHONEOS_DEPLOYMENT_TARGET = 16.2;
				MACOSX_DEPLOYMENT_TARGET = 13.1;
				MARKETING_VERSION = 1.0;
				PRODUCT_BUNDLE_IDENTIFIER = com.gefeishen.SweetToothRecipeTests;
				PRODUCT_NAME = "$(TARGET_NAME)";
				SDKROOT = auto;
				SUPPORTED_PLATFORMS = "iphoneos iphonesimulator macosx";
				SWIFT_EMIT_LOC_STRINGS = NO;
				SWIFT_VERSION = 5.0;
				TARGETED_DEVICE_FAMILY = "1,2";
				TEST_HOST = "$(BUILT_PRODUCTS_DIR)/SweetToothRecipe.app/$(BUNDLE_EXECUTABLE_FOLDER_PATH)/SweetToothRecipe";
			};
			name = Release;
		};
		D8D104CF29B955EB00599EEE /* Debug */ = {
			isa = XCBuildConfiguration;
			buildSettings = {
				ALWAYS_EMBED_SWIFT_STANDARD_LIBRARIES = YES;
				CODE_SIGN_STYLE = Automatic;
				CURRENT_PROJECT_VERSION = 1;
				DEVELOPMENT_TEAM = 7U9WMKVM6V;
				GENERATE_INFOPLIST_FILE = YES;
				IPHONEOS_DEPLOYMENT_TARGET = 16.2;
				MACOSX_DEPLOYMENT_TARGET = 13.1;
				MARKETING_VERSION = 1.0;
				PRODUCT_BUNDLE_IDENTIFIER = com.gefeishen.SweetToothRecipeUITests;
				PRODUCT_NAME = "$(TARGET_NAME)";
				SDKROOT = auto;
				SUPPORTED_PLATFORMS = "iphoneos iphonesimulator macosx";
				SWIFT_EMIT_LOC_STRINGS = NO;
				SWIFT_VERSION = 5.0;
				TARGETED_DEVICE_FAMILY = "1,2";
				TEST_TARGET_NAME = SweetToothRecipe;
			};
			name = Debug;
		};
		D8D104D029B955EB00599EEE /* Release */ = {
			isa = XCBuildConfiguration;
			buildSettings = {
				ALWAYS_EMBED_SWIFT_STANDARD_LIBRARIES = YES;
				CODE_SIGN_STYLE = Automatic;
				CURRENT_PROJECT_VERSION = 1;
				DEVELOPMENT_TEAM = 7U9WMKVM6V;
				GENERATE_INFOPLIST_FILE = YES;
				IPHONEOS_DEPLOYMENT_TARGET = 16.2;
				MACOSX_DEPLOYMENT_TARGET = 13.1;
				MARKETING_VERSION = 1.0;
				PRODUCT_BUNDLE_IDENTIFIER = com.gefeishen.SweetToothRecipeUITests;
				PRODUCT_NAME = "$(TARGET_NAME)";
				SDKROOT = auto;
				SUPPORTED_PLATFORMS = "iphoneos iphonesimulator macosx";
				SWIFT_EMIT_LOC_STRINGS = NO;
				SWIFT_VERSION = 5.0;
				TARGETED_DEVICE_FAMILY = "1,2";
				TEST_TARGET_NAME = SweetToothRecipe;
			};
			name = Release;
		};
/* End XCBuildConfiguration section */

/* Begin XCConfigurationList section */
		D8D1049E29B955EA00599EEE /* Build configuration list for PBXProject "SweetToothRecipe" */ = {
			isa = XCConfigurationList;
			buildConfigurations = (
				D8D104C629B955EB00599EEE /* Debug */,
				D8D104C729B955EB00599EEE /* Release */,
			);
			defaultConfigurationIsVisible = 0;
			defaultConfigurationName = Release;
		};
		D8D104C829B955EB00599EEE /* Build configuration list for PBXNativeTarget "SweetToothRecipe" */ = {
			isa = XCConfigurationList;
			buildConfigurations = (
				D8D104C929B955EB00599EEE /* Debug */,
				D8D104CA29B955EB00599EEE /* Release */,
			);
			defaultConfigurationIsVisible = 0;
			defaultConfigurationName = Release;
		};
		D8D104CB29B955EB00599EEE /* Build configuration list for PBXNativeTarget "SweetToothRecipeTests" */ = {
			isa = XCConfigurationList;
			buildConfigurations = (
				D8D104CC29B955EB00599EEE /* Debug */,
				D8D104CD29B955EB00599EEE /* Release */,
			);
			defaultConfigurationIsVisible = 0;
			defaultConfigurationName = Release;
		};
		D8D104CE29B955EB00599EEE /* Build configuration list for PBXNativeTarget "SweetToothRecipeUITests" */ = {
			isa = XCConfigurationList;
			buildConfigurations = (
				D8D104CF29B955EB00599EEE /* Debug */,
				D8D104D029B955EB00599EEE /* Release */,
			);
			defaultConfigurationIsVisible = 0;
			defaultConfigurationName = Release;
		};
/* End XCConfigurationList section */
	};
	rootObject = D8D1049B29B955EA00599EEE /* Project object */;
}
